Microsoft Visual Studio Solution File, Format Version 12.00
# Visual Studio 15
VisualStudioVersion = 15.0.26730.10
MinimumVisualStudioVersion = 10.0.40219.1
Project("{FAE04EC0-301F-11D3-BF4B-00C04F79EFBC}") = "RepDB", "RepDB\RepDB.csproj", "{15214429-93DA-45C9-A0BC-30285C990A5D}"
EndProject
Project("{FAE04EC0-301F-11D3-BF4B-00C04F79EFBC}") = "Cmd", "Cmd\Cmd.csproj", "{1A13EA89-291A-4A5E-9828-DB1DD7061276}"
	ProjectSection(ProjectDependencies) = postProject
		{15214429-93DA-45C9-A0BC-30285C990A5D} = {15214429-93DA-45C9-A0BC-30285C990A5D}
		{C4393A93-ABF7-448C-A3EB-4F0E5A1F7376} = {C4393A93-ABF7-448C-A3EB-4F0E5A1F7376}
		{56B09DAC-7DA7-4925-9057-54B736BB82B8} = {56B09DAC-7DA7-4925-9057-54B736BB82B8}
	EndProjectSection
EndProject
Project("{FAE04EC0-301F-11D3-BF4B-00C04F79EFBC}") = "NCCCtrl", "NCCCtrl\NCCCtrl.csproj", "{C4393A93-ABF7-448C-A3EB-4F0E5A1F7376}"
	ProjectSection(ProjectDependencies) = postProject
		{15214429-93DA-45C9-A0BC-30285C990A5D} = {15214429-93DA-45C9-A0BC-30285C990A5D}
		{56B09DAC-7DA7-4925-9057-54B736BB82B8} = {56B09DAC-7DA7-4925-9057-54B736BB82B8}
	EndProjectSection
EndProject
Project("{FAE04EC0-301F-11D3-BF4B-00C04F79EFBC}") = "Defs", "Defs\Defs.csproj", "{56B09DAC-7DA7-4925-9057-54B736BB82B8}"
	ProjectSection(ProjectDependencies) = postProject
		{15214429-93DA-45C9-A0BC-30285C990A5D} = {15214429-93DA-45C9-A0BC-30285C990A5D}
	EndProjectSection
EndProject
Project("{FAE04EC0-301F-11D3-BF4B-00C04F79EFBC}") = "UI", "UI\NewUI\UI.csproj", "{295216F0-AD8B-448B-A41E-52456AB2DC38}"
	ProjectSection(ProjectDependencies) = postProject
		{15214429-93DA-45C9-A0BC-30285C990A5D} = {15214429-93DA-45C9-A0BC-30285C990A5D}
		{C4393A93-ABF7-448C-A3EB-4F0E5A1F7376} = {C4393A93-ABF7-448C-A3EB-4F0E5A1F7376}
		{56B09DAC-7DA7-4925-9057-54B736BB82B8} = {56B09DAC-7DA7-4925-9057-54B736BB82B8}
	EndProjectSection
EndProject
Project("{FAE04EC0-301F-11D3-BF4B-00C04F79EFBC}") = "NCCCore", "..\NCCCore\NCCCore.csproj", "{00572805-E746-49F5-AA40-25313E3A87E3}"
EndProject
Project("{2150E333-8FDC-42A3-9474-1A3956D46DE8}") = "Solution Items", "Solution Items", "{00F8BBE4-2BA9-494A-92E6-CD6B363962DA}"
	ProjectSection(SolutionItems) = preProject
		clean.cmd = clean.cmd
		readme.txt = readme.txt
	EndProjectSection
EndProject
Project("{FAE04EC0-301F-11D3-BF4B-00C04F79EFBC}") = "TestINCCAlgorithms", "TestINCCAlgorithms\TestINCCAlgorithms.csproj", "{538920C1-CF1A-4C64-8FB4-FDB27F4EA1A8}"
EndProject
Global
	GlobalSection(SolutionConfigurationPlatforms) = preSolution
		Debug|Any CPU = Debug|Any CPU
		Debug|Mixed Platforms = Debug|Mixed Platforms
		Debug|Win32 = Debug|Win32
		Debug|x86 = Debug|x86
		Release|Any CPU = Release|Any CPU
		Release|Mixed Platforms = Release|Mixed Platforms
		Release|Win32 = Release|Win32
		Release|x86 = Release|x86
	EndGlobalSection
	GlobalSection(ProjectConfigurationPlatforms) = postSolution
		{15214429-93DA-45C9-A0BC-30285C990A5D}.Debug|Any CPU.ActiveCfg = Debug|x86
		{15214429-93DA-45C9-A0BC-30285C990A5D}.Debug|Any CPU.Build.0 = Debug|x86
		{15214429-93DA-45C9-A0BC-30285C990A5D}.Debug|Mixed Platforms.ActiveCfg = Debug|x86
		{15214429-93DA-45C9-A0BC-30285C990A5D}.Debug|Mixed Platforms.Build.0 = Debug|x86
		{15214429-93DA-45C9-A0BC-30285C990A5D}.Debug|Win32.ActiveCfg = Debug|x86
		{15214429-93DA-45C9-A0BC-30285C990A5D}.Debug|x86.ActiveCfg = Debug|x86
		{15214429-93DA-45C9-A0BC-30285C990A5D}.Debug|x86.Build.0 = Debug|x86
		{15214429-93DA-45C9-A0BC-30285C990A5D}.Release|Any CPU.ActiveCfg = Release|x86
		{15214429-93DA-45C9-A0BC-30285C990A5D}.Release|Mixed Platforms.ActiveCfg = Release|x86
		{15214429-93DA-45C9-A0BC-30285C990A5D}.Release|Mixed Platforms.Build.0 = Release|x86
		{15214429-93DA-45C9-A0BC-30285C990A5D}.Release|Win32.ActiveCfg = Release|x86
		{15214429-93DA-45C9-A0BC-30285C990A5D}.Release|x86.ActiveCfg = Release|x86
		{15214429-93DA-45C9-A0BC-30285C990A5D}.Release|x86.Build.0 = Release|x86
		{1A13EA89-291A-4A5E-9828-DB1DD7061276}.Debug|Any CPU.ActiveCfg = Debug|Any CPU
		{1A13EA89-291A-4A5E-9828-DB1DD7061276}.Debug|Any CPU.Build.0 = Debug|Any CPU
		{1A13EA89-291A-4A5E-9828-DB1DD7061276}.Debug|Mixed Platforms.ActiveCfg = Debug|x86
		{1A13EA89-291A-4A5E-9828-DB1DD7061276}.Debug|Mixed Platforms.Build.0 = Debug|x86
		{1A13EA89-291A-4A5E-9828-DB1DD7061276}.Debug|Win32.ActiveCfg = Debug|x86
		{1A13EA89-291A-4A5E-9828-DB1DD7061276}.Debug|x86.ActiveCfg = Debug|x86
		{1A13EA89-291A-4A5E-9828-DB1DD7061276}.Debug|x86.Build.0 = Debug|x86
		{1A13EA89-291A-4A5E-9828-DB1DD7061276}.Release|Any CPU.ActiveCfg = Release|Any CPU
		{1A13EA89-291A-4A5E-9828-DB1DD7061276}.Release|Any CPU.Build.0 = Release|Any CPU
		{1A13EA89-291A-4A5E-9828-DB1DD7061276}.Release|Mixed Platforms.ActiveCfg = Release|x86
		{1A13EA89-291A-4A5E-9828-DB1DD7061276}.Release|Mixed Platforms.Build.0 = Release|x86
		{1A13EA89-291A-4A5E-9828-DB1DD7061276}.Release|Win32.ActiveCfg = Release|x86
		{1A13EA89-291A-4A5E-9828-DB1DD7061276}.Release|x86.ActiveCfg = Release|x86
		{1A13EA89-291A-4A5E-9828-DB1DD7061276}.Release|x86.Build.0 = Release|x86
		{C4393A93-ABF7-448C-A3EB-4F0E5A1F7376}.Debug|Any CPU.ActiveCfg = Debug|Any CPU
		{C4393A93-ABF7-448C-A3EB-4F0E5A1F7376}.Debug|Any CPU.Build.0 = Debug|Any CPU
		{C4393A93-ABF7-448C-A3EB-4F0E5A1F7376}.Debug|Mixed Platforms.ActiveCfg = Debug|Any CPU
		{C4393A93-ABF7-448C-A3EB-4F0E5A1F7376}.Debug|Mixed Platforms.Build.0 = Debug|Any CPU
		{C4393A93-ABF7-448C-A3EB-4F0E5A1F7376}.Debug|Win32.ActiveCfg = Debug|Any CPU
		{C4393A93-ABF7-448C-A3EB-4F0E5A1F7376}.Debug|x86.ActiveCfg = Debug|Any CPU
		{C4393A93-ABF7-448C-A3EB-4F0E5A1F7376}.Release|Any CPU.ActiveCfg = Release|Any CPU
		{C4393A93-ABF7-448C-A3EB-4F0E5A1F7376}.Release|Any CPU.Build.0 = Release|Any CPU
		{C4393A93-ABF7-448C-A3EB-4F0E5A1F7376}.Release|Mixed Platforms.ActiveCfg = Release|Any CPU
		{C4393A93-ABF7-448C-A3EB-4F0E5A1F7376}.Release|Mixed Platforms.Build.0 = Release|Any CPU
		{C4393A93-ABF7-448C-A3EB-4F0E5A1F7376}.Release|Win32.ActiveCfg = Release|Any CPU
		{C4393A93-ABF7-448C-A3EB-4F0E5A1F7376}.Release|x86.ActiveCfg = Release|Any CPU
		{56B09DAC-7DA7-4925-9057-54B736BB82B8}.Debug|Any CPU.ActiveCfg = Debug|Any CPU
		{56B09DAC-7DA7-4925-9057-54B736BB82B8}.Debug|Any CPU.Build.0 = Debug|Any CPU
		{56B09DAC-7DA7-4925-9057-54B736BB82B8}.Debug|Mixed Platforms.ActiveCfg = Debug|Any CPU
		{56B09DAC-7DA7-4925-9057-54B736BB82B8}.Debug|Mixed Platforms.Build.0 = Debug|Any CPU
		{56B09DAC-7DA7-4925-9057-54B736BB82B8}.Debug|Win32.ActiveCfg = Debug|Any CPU
		{56B09DAC-7DA7-4925-9057-54B736BB82B8}.Debug|x86.ActiveCfg = Debug|Any CPU
		{56B09DAC-7DA7-4925-9057-54B736BB82B8}.Release|Any CPU.ActiveCfg = Release|Any CPU
		{56B09DAC-7DA7-4925-9057-54B736BB82B8}.Release|Any CPU.Build.0 = Release|Any CPU
		{56B09DAC-7DA7-4925-9057-54B736BB82B8}.Release|Mixed Platforms.ActiveCfg = Release|Any CPU
		{56B09DAC-7DA7-4925-9057-54B736BB82B8}.Release|Mixed Platforms.Build.0 = Release|Any CPU
		{56B09DAC-7DA7-4925-9057-54B736BB82B8}.Release|Win32.ActiveCfg = Release|Any CPU
		{56B09DAC-7DA7-4925-9057-54B736BB82B8}.Release|x86.ActiveCfg = Release|Any CPU
		{295216F0-AD8B-448B-A41E-52456AB2DC38}.Debug|Any CPU.ActiveCfg = Debug|x86
		{295216F0-AD8B-448B-A41E-52456AB2DC38}.Debug|Mixed Platforms.ActiveCfg = Debug|x86
		{295216F0-AD8B-448B-A41E-52456AB2DC38}.Debug|Mixed Platforms.Build.0 = Debug|x86
		{295216F0-AD8B-448B-A41E-52456AB2DC38}.Debug|Win32.ActiveCfg = Debug|x86
		{295216F0-AD8B-448B-A41E-52456AB2DC38}.Debug|Win32.Build.0 = Debug|x86
		{295216F0-AD8B-448B-A41E-52456AB2DC38}.Debug|x86.ActiveCfg = Debug|x86
		{295216F0-AD8B-448B-A41E-52456AB2DC38}.Debug|x86.Build.0 = Debug|x86
		{295216F0-AD8B-448B-A41E-52456AB2DC38}.Release|Any CPU.ActiveCfg = Release|x86
		{295216F0-AD8B-448B-A41E-52456AB2DC38}.Release|Mixed Platforms.ActiveCfg = Release|x86
		{295216F0-AD8B-448B-A41E-52456AB2DC38}.Release|Mixed Platforms.Build.0 = Release|x86
		{295216F0-AD8B-448B-A41E-52456AB2DC38}.Release|Win32.ActiveCfg = Release|x86
		{295216F0-AD8B-448B-A41E-52456AB2DC38}.Release|Win32.Build.0 = Release|x86
		{295216F0-AD8B-448B-A41E-52456AB2DC38}.Release|x86.ActiveCfg = Release|x86
		{295216F0-AD8B-448B-A41E-52456AB2DC38}.Release|x86.Build.0 = Release|x86
		{00572805-E746-49F5-AA40-25313E3A87E3}.Debug|Any CPU.ActiveCfg = Debug|Any CPU
		{00572805-E746-49F5-AA40-25313E3A87E3}.Debug|Any CPU.Build.0 = Debug|Any CPU
		{00572805-E746-49F5-AA40-25313E3A87E3}.Debug|Mixed Platforms.ActiveCfg = Debug|x86
		{00572805-E746-49F5-AA40-25313E3A87E3}.Debug|Mixed Platforms.Build.0 = Debug|x86
		{00572805-E746-49F5-AA40-25313E3A87E3}.Debug|Win32.ActiveCfg = Debug|x86
		{00572805-E746-49F5-AA40-25313E3A87E3}.Debug|Win32.Build.0 = Debug|x86
		{00572805-E746-49F5-AA40-25313E3A87E3}.Debug|x86.ActiveCfg = Debug|x86
		{00572805-E746-49F5-AA40-25313E3A87E3}.Debug|x86.Build.0 = Debug|x86
		{00572805-E746-49F5-AA40-25313E3A87E3}.Release|Any CPU.ActiveCfg = Release|Any CPU
		{00572805-E746-49F5-AA40-25313E3A87E3}.Release|Any CPU.Build.0 = Release|Any CPU
		{00572805-E746-49F5-AA40-25313E3A87E3}.Release|Mixed Platforms.ActiveCfg = Release|x86
		{00572805-E746-49F5-AA40-25313E3A87E3}.Release|Mixed Platforms.Build.0 = Release|x86
		{00572805-E746-49F5-AA40-25313E3A87E3}.Release|Win32.ActiveCfg = Release|x86
		{00572805-E746-49F5-AA40-25313E3A87E3}.Release|Win32.Build.0 = Release|x86
		{00572805-E746-49F5-AA40-25313E3A87E3}.Release|x86.ActiveCfg = Release|x86
		{00572805-E746-49F5-AA40-25313E3A87E3}.Release|x86.Build.0 = Release|x86
		{538920C1-CF1A-4C64-8FB4-FDB27F4EA1A8}.Debug|Any CPU.ActiveCfg = Debug|Any CPU
		{538920C1-CF1A-4C64-8FB4-FDB27F4EA1A8}.Debug|Any CPU.Build.0 = Debug|Any CPU
		{538920C1-CF1A-4C64-8FB4-FDB27F4EA1A8}.Debug|Mixed Platforms.ActiveCfg = Debug|Any CPU
		{538920C1-CF1A-4C64-8FB4-FDB27F4EA1A8}.Debug|Mixed Platforms.Build.0 = Debug|Any CPU
		{538920C1-CF1A-4C64-8FB4-FDB27F4EA1A8}.Debug|Win32.ActiveCfg = Debug|Any CPU
		{538920C1-CF1A-4C64-8FB4-FDB27F4EA1A8}.Debug|Win32.Build.0 = Debug|Any CPU
		{538920C1-CF1A-4C64-8FB4-FDB27F4EA1A8}.Debug|x86.ActiveCfg = Debug|Any CPU
		{538920C1-CF1A-4C64-8FB4-FDB27F4EA1A8}.Debug|x86.Build.0 = Debug|Any CPU
		{538920C1-CF1A-4C64-8FB4-FDB27F4EA1A8}.Release|Any CPU.ActiveCfg = Release|Any CPU
		{538920C1-CF1A-4C64-8FB4-FDB27F4EA1A8}.Release|Any CPU.Build.0 = Release|Any CPU
		{538920C1-CF1A-4C64-8FB4-FDB27F4EA1A8}.Release|Mixed Platforms.ActiveCfg = Release|Any CPU
		{538920C1-CF1A-4C64-8FB4-FDB27F4EA1A8}.Release|Mixed Platforms.Build.0 = Release|Any CPU
		{538920C1-CF1A-4C64-8FB4-FDB27F4EA1A8}.Release|Win32.ActiveCfg = Release|Any CPU
		{538920C1-CF1A-4C64-8FB4-FDB27F4EA1A8}.Release|Win32.Build.0 = Release|Any CPU
		{538920C1-CF1A-4C64-8FB4-FDB27F4EA1A8}.Release|x86.ActiveCfg = Release|Any CPU
		{538920C1-CF1A-4C64-8FB4-FDB27F4EA1A8}.Release|x86.Build.0 = Release|Any CPU
	EndGlobalSection
	GlobalSection(SolutionProperties) = preSolution
		HideSolutionNode = FALSE
	EndGlobalSection
	GlobalSection(ExtensibilityGlobals) = postSolution
		SolutionGuid = {E7B5D76F-339F-42F8-8200-B0AEB3EEDE9A}
	EndGlobalSection
EndGlobal
